{
  "nodes": {
    "apple-silicon": {
      "inputs": {
        "flake-compat": "flake-compat",
        "nixpkgs": "nixpkgs"
      },
      "locked": {
        "lastModified": 1784496018,
        "narHash": "sha256-wmEC6UPwmBCILILU8iCdzdd74P1eA8P5gFGYnptA4qU=",
        "owner": "nix-community",
        "repo": "nixos-apple-silicon",
        "rev": "3902c801519264191a7c3dfec8dd1f9faeb38fd5",
        "type": "github"
      },
      "original": {
        "owner": "nix-community",
        "repo": "nixos-apple-silicon",
        "type": "github"
      }
    },
    "crane": {
      "locked": {
        "lastModified": 1783203018,
        "narHash": "sha256-G6R9IT/xwFuu+CYBWDUAok6AdC4ERC4ZfPPFtEpxnZE=",
        "owner": "ipetkov",
        "repo": "crane",
        "rev": "80db5bdc391be8a1794f6d8a2d56e3a84ebcede2",
        "type": "github"
      },
      "original": {
        "owner": "ipetkov",
        "repo": "crane",
        "type": "github"
      }
    },
    "flake-compat": {
      "locked": {
        "lastModified": 1761640442,
        "narHash": "sha256-AtrEP6Jmdvrqiv4x2xa5mrtaIp3OEe8uBYCDZDS+hu8=",
        "owner": "nix-community",
        "repo": "flake-compat",
        "rev": "4a56054d8ffc173222d09dad23adf4ba946c8884",
        "type": "github"
      },
      "original": {
        "owner": "nix-community",
        "repo": "flake-compat",
        "type": "github"
      }
    },
    "flake-compat_2": {
      "flake": false,
      "locked": {
        "lastModified": 1767039857,
        "narHash": "sha256-vNpUSpF5Nuw8xvDLj2KCwwksIbjua2LZCqhV1LNRDns=",
        "owner": "NixOS",
        "repo": "flake-compat",
        "rev": "5edf11c44bc78a0d334f6334cdaf7d60d732daab",
        "type": "github"
      },
      "original": {
        "owner": "NixOS",
        "repo": "flake-compat",
        "type": "github"
      }
    },
    "flake-compat_3": {
      "locked": {
        "lastModified": 1733328505,
        "narHash": "sha256-NeCCThCEP3eCl2l/+27kNNK7QrwZB1IJCrXfrbv5oqU=",
        "rev": "ff81ac966bb2cae68946d5ed5fc4994f96d0ffec",
        "revCount": 69,
        "type": "tarball",
        "url": "https://api.flakehub.com/f/pinned/edolstra/flake-compat/1.1.0/01948eb7-9cba-704f-bbf3-3fa956735b52/source.tar.gz?rev=ff81ac966bb2cae68946d5ed5fc4994f96d0ffec&revCount=69"
      },
      "original": {
        "type": "tarball",
        "url": "https://flakehub.com/f/edolstra/flake-compat/1.tar.gz"
      }
    },
    "flake-parts": {
      "inputs": {
        "nixpkgs-lib": "nixpkgs-lib"
      },
      "locked": {
        "lastModified": 1772408722,
        "narHash": "sha256-rHuJtdcOjK7rAHpHphUb1iCvgkU3GpfvicLMwwnfMT0=",
        "owner": "hercules-ci",
        "repo": "flake-parts",
        "rev": "f20dc5d9b8027381c474144ecabc9034d6a839a3",
        "type": "github"
      },
      "original": {
        "owner": "hercules-ci",
        "repo": "flake-parts",
        "type": "github"
      }
    },
    "flake-utils": {
      "inputs": {
        "systems": "systems"
      },
      "locked": {
        "lastModified": 1731533236,
        "narHash": "sha256-l0KFg5HjrsfsO/JpG+r7fRrqm12kzFHyUHqHCVpMMbI=",
        "owner": "numtide",
        "repo": "flake-utils",
        "rev": "11707dc2f618dd54ca8739b309ec4fc024de578b",
        "type": "github"
      },
      "original": {
        "owner": "numtide",
        "repo": "flake-utils",
        "type": "github"
      }
    },
    "home-manager": {
      "inputs": {
        "nixpkgs": [
          "nixpkgs"
        ]
      },
      "locked": {
        "lastModified": 1784489491,
        "narHash": "sha256-j9maqjx1T8+ljAVntAdSI5hSGCm77QNZz64JF1rJNu0=",
        "owner": "nix-community",
        "repo": "home-manager",
        "rev": "3139deb8cafbe73b39b24451255b2fdd3426077e",
        "type": "github"
      },
      "original": {
        "owner": "nix-community",
        "repo": "home-manager",
        "type": "github"
      }
    },
    "i915-sriov-dkms": {
      "inputs": {
        "nixpkgs": [
          "nixpkgs"
        ]
      },
      "locked": {
        "lastModified": 1782662438,
        "narHash": "sha256-po/dKt/rz+Pmm6k6fyJHGqVko9eiP/hG42Xj5kR5/KU=",
        "owner": "strongtz",
        "repo": "i915-sriov-dkms",
        "rev": "84c4f228397f0b91cea2663e158b0b862b5639a9",
        "type": "github"
      },
      "original": {
        "owner": "strongtz",
        "ref": "kernel-v7.1",
        "repo": "i915-sriov-dkms",
        "type": "github"
      }
    },
    "lanzaboote": {
      "inputs": {
        "crane": "crane",
        "nixpkgs": [
          "nixpkgs"
        ],
        "pre-commit": "pre-commit",
        "rust-overlay": "rust-overlay"
      },
      "locked": {
        "lastModified": 1783496806,
        "narHash": "sha256-6B6CQUk1dPc8l/+otaGiYbuX8qeX/0VmSUQ+qSn0/uA=",
        "owner": "nix-community",
        "repo": "lanzaboote",
        "rev": "6183ac79eadb079a1e72fa2c60915601be669100",
        "type": "github"
      },
      "original": {
        "owner": "nix-community",
        "repo": "lanzaboote",
        "type": "github"
      }
    },
    "nix-filter": {
      "locked": {
        "lastModified": 1757882181,
        "narHash": "sha256-+cCxYIh2UNalTz364p+QYmWHs0P+6wDhiWR4jDIKQIU=",
        "owner": "numtide",
        "repo": "nix-filter",
        "rev": "59c44d1909c72441144b93cf0f054be7fe764de5",
        "type": "github"
      },
      "original": {
        "owner": "numtide",
        "repo": "nix-filter",
        "type": "github"
      }
    },
    "nix-flatpak": {
      "locked": {
        "lastModified": 1783368811,
        "narHash": "sha256-0H8jDwR4Kegb3heaTrH1ftbgKfZVDT8JE+46uXxDy/Q=",
        "owner": "gmodena",
        "repo": "nix-flatpak",
        "rev": "20d42f0ee98c9fe9f85e8d1de474f1409ed10d05",
        "type": "github"
      },
      "original": {
        "owner": "gmodena",
        "repo": "nix-flatpak",
        "type": "github"
      }
    },
    "nix-gaming-edge": {
      "inputs": {
        "nixpkgs": [
          "nixpkgs"
        ]
      },
      "locked": {
        "lastModified": 1784420390,
        "narHash": "sha256-V7uN/aGYmk4dk8rJcqJ7SGtOx2qulb9JQoa70fGND6U=",
        "owner": "powerofthe69",
        "repo": "nix-gaming-edge",
        "rev": "f7223c23bc99e7713e8d4ac0a6a4ceb979c01c47",
        "type": "github"
      },
      "original": {
        "owner": "powerofthe69",
        "repo": "nix-gaming-edge",
        "type": "github"
      }
    },
    "nixos-23-11": {
      "locked": {
        "lastModified": 1720535198,
        "narHash": "sha256-zwVvxrdIzralnSbcpghA92tWu2DV2lwv89xZc8MTrbg=",
        "owner": "nixos",
        "repo": "nixpkgs",
        "rev": "205fd4226592cc83fd4c0885a3e4c9c400efabb5",
        "type": "github"
      },
      "original": {
        "owner": "nixos",
        "ref": "nixos-23.11",
        "repo": "nixpkgs",
        "type": "github"
      }
    },
    "nixpkgs": {
      "locked": {
        "lastModified": 1783224372,
        "narHash": "sha256-8i/87eeoqiGE4yOTjwSA3Eh/ziJRQEmd/unYU+K27sk=",
        "owner": "NixOS",
        "repo": "nixpkgs",
        "rev": "d407951447dcd00442e97087bf374aad70c04cea",
        "type": "github"
      },
      "original": {
        "owner": "NixOS",
        "ref": "nixos-unstable",
        "repo": "nixpkgs",
        "type": "github"
      }
    },
    "nixpkgs-lib": {
      "locked": {
        "lastModified": 1772328832,
        "narHash": "sha256-e+/T/pmEkLP6BHhYjx6GmwP5ivonQQn0bJdH9YrRB+Q=",
        "owner": "nix-community",
        "repo": "nixpkgs.lib",
        "rev": "c185c7a5e5dd8f9add5b2f8ebeff00888b070742",
        "type": "github"
      },
      "original": {
        "owner": "nix-community",
        "repo": "nixpkgs.lib",
        "type": "github"
      }
    },
    "nixpkgs_2": {
      "locked": {
        "lastModified": 1784497964,
        "narHash": "sha256-vlHUuqAcbcH2RKmHbPiuQzbv1pnzzavXnI62RD0bqCU=",
        "owner": "NixOS",
        "repo": "nixpkgs",
        "rev": "241313f4e8e508cb9b13278c2b0fa25b9ca27163",
        "type": "github"
      },
      "original": {
        "owner": "NixOS",
        "ref": "nixos-unstable",
        "repo": "nixpkgs",
        "type": "github"
      }
    },
    "nixvirt": {
      "inputs": {
        "nixpkgs": [
          "nixpkgs"
        ]
      },
      "locked": {
        "lastModified": 1783240168,
        "narHash": "sha256-9zaLOKal8uI+ecKaOBCOfGcZe/HG1xQQnlDDjPoOmwE=",
        "owner": "AshleyYakeley",
        "repo": "NixVirt",
        "rev": "6d213ab42f72ba41c2eb4e6bdb97581c0642d942",
        "type": "github"
      },
      "original": {
        "owner": "AshleyYakeley",
        "repo": "NixVirt",
        "type": "github"
      }
    },
    "old-nixpkgs": {
      "locked": {
        "lastModified": 1781074563,
        "narHash": "sha256-md8WlXOlfnIeHeOScMTTHFyf2d6iaTwPl2apR5EQ3P4=",
        "owner": "NixOS",
        "repo": "nixpkgs",
        "rev": "9ae611a455b90cf061d8f332b977e387bda8e1ca",
        "type": "github"
      },
      "original": {
        "owner": "NixOS",
        "repo": "nixpkgs",
        "rev": "9ae611a455b90cf061d8f332b977e387bda8e1ca",
        "type": "github"
      }
    },
    "pre-commit": {
      "inputs": {
        "flake-compat": "flake-compat_2",
        "nixpkgs": [
          "lanzaboote",
          "nixpkgs"
        ]
      },
      "locked": {
        "lastModified": 1783008725,
        "narHash": "sha256-jGiy6+sxjNWXSjp25uoJuNfyH9zBK1PEDY0lVoL4ibQ=",
        "owner": "cachix",
        "repo": "git-hooks.nix",
        "rev": "bca82caa46d5ec0f5d422c61fb1e30bc51313cbe",
        "type": "github"
      },
      "original": {
        "owner": "cachix",
        "repo": "git-hooks.nix",
        "type": "github"
      }
    },
    "qemu-nixpkgs": {
      "locked": {
        "lastModified": 1782959384,
        "narHash": "sha256-xnJJk+ct+D2+wdRxj1wk36w5zV9RVESwRqcklPdt3fM=",
        "owner": "NixOS",
        "repo": "nixpkgs",
        "rev": "65179426c83bb3f6bc14898b42ea1c6f01d374b0",
        "type": "github"
      },
      "original": {
        "owner": "NixOS",
        "repo": "nixpkgs",
        "rev": "65179426c83bb3f6bc14898b42ea1c6f01d374b0",
        "type": "github"
      }
    },
    "root": {
      "inputs": {
        "apple-silicon": "apple-silicon",
        "home-manager": "home-manager",
        "i915-sriov-dkms": "i915-sriov-dkms",
        "lanzaboote": "lanzaboote",
        "nix-flatpak": "nix-flatpak",
        "nix-gaming-edge": "nix-gaming-edge",
        "nixos-23-11": "nixos-23-11",
        "nixpkgs": "nixpkgs_2",
        "nixvirt": "nixvirt",
        "old-nixpkgs": "old-nixpkgs",
        "qemu-nixpkgs": "qemu-nixpkgs",
        "vscode-server": "vscode-server",
        "winapps": "winapps"
      }
    },
    "rust-overlay": {
      "inputs": {
        "nixpkgs": [
          "lanzaboote",
          "nixpkgs"
        ]
      },
      "locked": {
        "lastModified": 1783488441,
        "narHash": "sha256-jmWf+H3iC/0z7/mmvTovaJx1E/LME1QyHkyk+AFfJPk=",
        "owner": "oxalica",
        "repo": "rust-overlay",
        "rev": "7dc3a177a239ed879c5581a80f6dc246c7e102f1",
        "type": "github"
      },
      "original": {
        "owner": "oxalica",
        "repo": "rust-overlay",
        "type": "github"
      }
    },
    "systems": {
      "locked": {
        "lastModified": 1681028828,
        "narHash": "sha256-Vy1rq5AaRuLzOxct8nz4T6wlgyUR7zLU309k9mBC768=",
        "owner": "nix-systems",
        "repo": "default",
        "rev": "da67096a3b9bf56a91d16901293e51ba5b49a27e",
        "type": "github"
      },
      "original": {
        "owner": "nix-systems",
        "repo": "default",
        "type": "github"
      }
    },
    "vscode-server": {
      "inputs": {
        "flake-parts": "flake-parts"
      },
      "locked": {
        "lastModified": 1784312229,
        "narHash": "sha256-2uHCSUw341o3my1R0U0YCfbnMEazylxb58evWsjGL50=",
        "owner": "nix-community",
        "repo": "nixos-vscode-server",
        "rev": "2f984dfbe7e5271b5c413d3e734374cc1306c921",
        "type": "github"
      },
      "original": {
        "owner": "nix-community",
        "repo": "nixos-vscode-server",
        "type": "github"
      }
    },
    "winapps": {
      "inputs": {
        "flake-compat": "flake-compat_3",
        "flake-utils": "flake-utils",
        "nix-filter": "nix-filter",
        "nixpkgs": [
          "nixpkgs"
        ]
      },
      "locked": {
        "lastModified": 1784112840,
        "narHash": "sha256-8ykSYeKBLWs+5IwSuVSQ8EMN4odjpLGqQ1z4r/RFySk=",
        "owner": "winapps-org",
        "repo": "winapps",
        "rev": "7f6b6abf575e3f93614aeeacb75b609372e7f1a6",
        "type": "github"
      },
      "original": {
        "owner": "winapps-org",
        "repo": "winapps",
        "type": "github"
      }
    }
  },
  "root": "root",
  "version": 7
}
